
Microsoft Visual Studio Solution File, Format Version 12.00
# Visual Studio Version 16
VisualStudioVersion = 16.0.31829.152
MinimumVisualStudioVersion = 10.0.40219.1
Project("{FAE04EC0-301F-11D3-BF4B-00C04F79EFBC}") = "RegexUserRegistration", "RegexUserRegistration\RegexUserRegistration.csproj", "{232D7C56-875C-4EF4-AF9C-9C49B3160AD8}"
EndProject
Project("{FAE04EC0-301F-11D3-BF4B-00C04F79EFBC}") = "UserRegistrationTest", "UserRegistrationTest\UserRegistrationTest.csproj", "{4773F8E9-1F47-49EB-9349-0E70CFB7AE64}"
EndProject
Global
	GlobalSection(SolutionConfigurationPlatforms) = preSolution
		Debug|Any CPU = Debug|Any CPU
		Release|Any CPU = Release|Any CPU
	EndGlobalSection
	GlobalSection(ProjectConfigurationPlatforms) = postSolution
		{232D7C56-875C-4EF4-AF9C-9C49B3160AD8}.Debug|Any CPU.ActiveCfg = Debug|Any CPU
		{232D7C56-875C-4EF4-AF9C-9C49B3160AD8}.Debug|Any CPU.Build.0 = Debug|Any CPU
		{232D7C56-875C-4EF4-AF9C-9C49B3160AD8}.Release|Any CPU.ActiveCfg = Release|Any CPU
		{232D7C56-875C-4EF4-AF9C-9C49B3160AD8}.Release|Any CPU.Build.0 = Release|Any CPU
		{4773F8E9-1F47-49EB-9349-0E70CFB7AE64}.Debug|Any CPU.ActiveCfg = Debug|Any CPU
		{4773F8E9-1F47-49EB-9349-0E70CFB7AE64}.Debug|Any CPU.Build.0 = Debug|Any CPU
		{4773F8E9-1F47-49EB-9349-0E70CFB7AE64}.Release|Any CPU.ActiveCfg = Release|Any CPU
		{4773F8E9-1F47-49EB-9349-0E70CFB7AE64}.Release|Any CPU.Build.0 = Release|Any CPU
	EndGlobalSection
	GlobalSection(SolutionProperties) = preSolution
		HideSolutionNode = FALSE
	EndGlobalSection
	GlobalSection(ExtensibilityGlobals) = postSolution
		SolutionGuid = {C0A15BB0-7DDE-4131-8EB8-7B684A32232F}
	EndGlobalSection
EndGlobal
